
Microsoft Visual Studio Solution File, Format Version 12.00
# Visual Studio Version 17
VisualStudioVersion = 17.7.34018.315
MinimumVisualStudioVersion = 10.0.40219.1
Project("{FAE04EC0-301F-11D3-BF4B-00C04F79EFBC}") = "SoftShoes", "SoftShoes.csproj", "{FDAA71AD-95FA-42D5-9793-866E8EB84CFC}"
EndProject
Global
	GlobalSection(SolutionConfigurationPlatforms) = preSolution
		Debug|Any CPU = Debug|Any CPU
		Release|Any CPU = Release|Any CPU
	EndGlobalSection
	GlobalSection(ProjectConfigurationPlatforms) = postSolution
		{FDAA71AD-95FA-42D5-9793-866E8EB84CFC}.Debug|Any CPU.ActiveCfg = Debug|Any CPU
		{FDAA71AD-95FA-42D5-9793-866E8EB84CFC}.Debug|Any CPU.Build.0 = Debug|Any CPU
		{FDAA71AD-95FA-42D5-9793-866E8EB84CFC}.Release|Any CPU.ActiveCfg = Release|Any CPU
		{FDAA71AD-95FA-42D5-9793-866E8EB84CFC}.Release|Any CPU.Build.0 = Release|Any CPU
	EndGlobalSection
	GlobalSection(SolutionProperties) = preSolution
		HideSolutionNode = FALSE
	EndGlobalSection
	GlobalSection(ExtensibilityGlobals) = postSolution
		SolutionGuid = {1AF28821-A8FB-46A4-8E4A-73B3ADD3A0AB}
	EndGlobalSection
EndGlobal
